// !$*UTF8*$!
{
	archiveVersion = 1;
	classes = {
	};
	objectVersion = 56;
	objects = {

/* Begin PBXBuildFile section */
		971242002E70758D0091EDED /* TaskListCell.swift in Sources */ = {isa = PBXBuildFile; fileRef = 971241FF2E70758D0091EDED /* TaskListCell.swift */; };
		971242062E70B0710091EDED /* TodosFactory.swift in Sources */ = {isa = PBXBuildFile; fileRef = 971242052E70B0710091EDED /* TodosFactory.swift */; };
		971242092E7167FA0091EDED /* SingleTaskViewController.swift in Sources */ = {isa = PBXBuildFile; fileRef = 971242082E7167FA0091EDED /* SingleTaskViewController.swift */; };
		9746D5412E734A6F000BFCC3 /* NetworkClient.swift in Sources */ = {isa = PBXBuildFile; fileRef = 9746D5402E734A6F000BFCC3 /* NetworkClient.swift */; };
		9746D5432E734A7D000BFCC3 /* TodosLoader.swift in Sources */ = {isa = PBXBuildFile; fileRef = 9746D5422E734A7D000BFCC3 /* TodosLoader.swift */; };
		9746D5462E7358ED000BFCC3 /* SingleTask.swift in Sources */ = {isa = PBXBuildFile; fileRef = 9746D5452E7358ED000BFCC3 /* SingleTask.swift */; };
		9746D5482E75D4A6000BFCC3 /* CoreDataManager.swift in Sources */ = {isa = PBXBuildFile; fileRef = 9746D5472E75D4A6000BFCC3 /* CoreDataManager.swift */; };
		9746D54B2E75D645000BFCC3 /* UserDateFormatter.swift in Sources */ = {isa = PBXBuildFile; fileRef = 9746D54A2E75D645000BFCC3 /* UserDateFormatter.swift */; };
		977383DD2E706F650033E64A /* AppDelegate.swift in Sources */ = {isa = PBXBuildFile; fileRef = 977383DC2E706F650033E64A /* AppDelegate.swift */; };
		977383DF2E706F650033E64A /* SceneDelegate.swift in Sources */ = {isa = PBXBuildFile; fileRef = 977383DE2E706F650033E64A /* SceneDelegate.swift */; };
		977383E12E706F650033E64A /* TaskListViewController.swift in Sources */ = {isa = PBXBuildFile; fileRef = 977383E02E706F650033E64A /* TaskListViewController.swift */; };
		977383E42E706F650033E64A /* Main.storyboard in Resources */ = {isa = PBXBuildFile; fileRef = 977383E22E706F650033E64A /* Main.storyboard */; };
		977383E72E706F650033E64A /* ToDoList.xcdatamodeld in Sources */ = {isa = PBXBuildFile; fileRef = 977383E52E706F650033E64A /* ToDoList.xcdatamodeld */; };
		977383E92E706F690033E64A /* Assets.xcassets in Resources */ = {isa = PBXBuildFile; fileRef = 977383E82E706F690033E64A /* Assets.xcassets */; };
		977383EC2E706F690033E64A /* LaunchScreen.storyboard in Resources */ = {isa = PBXBuildFile; fileRef = 977383EA2E706F690033E64A /* LaunchScreen.storyboard */; };
		978C92972E76F94C008BC376 /* TaskListViewController+UISearchBarDelegate.swift in Sources */ = {isa = PBXBuildFile; fileRef = 978C92962E76F94C008BC376 /* TaskListViewController+UISearchBarDelegate.swift */; };
		978C92992E76FA0B008BC376 /* TaskListViewController+UITableViewDataSource.swift in Sources */ = {isa = PBXBuildFile; fileRef = 978C92982E76FA0B008BC376 /* TaskListViewController+UITableViewDataSource.swift */; };
		978C929B2E76FAC9008BC376 /* TaskListViewController+UITableViewDelegate.swift in Sources */ = {isa = PBXBuildFile; fileRef = 978C929A2E76FAC9008BC376 /* TaskListViewController+UITableViewDelegate.swift */; };
		978C929D2E76FCAE008BC376 /* TaskListPresenter.swift in Sources */ = {isa = PBXBuildFile; fileRef = 978C929C2E76FCAE008BC376 /* TaskListPresenter.swift */; };
		978C929F2E76FD1F008BC376 /* TaskListRouter.swift in Sources */ = {isa = PBXBuildFile; fileRef = 978C929E2E76FD1F008BC376 /* TaskListRouter.swift */; };
		978C92A12E772711008BC376 /* SingleTaskPresenter.swift in Sources */ = {isa = PBXBuildFile; fileRef = 978C92A02E772711008BC376 /* SingleTaskPresenter.swift */; };
		978C92A32E77271E008BC376 /* SingleTaskRouter.swift in Sources */ = {isa = PBXBuildFile; fileRef = 978C92A22E77271E008BC376 /* SingleTaskRouter.swift */; };
		978C92A52E772FD4008BC376 /* SingleTaskBuilder.swift in Sources */ = {isa = PBXBuildFile; fileRef = 978C92A42E772FD4008BC376 /* SingleTaskBuilder.swift */; };
		978C92AD2E781F58008BC376 /* TaskListPresenterTests.swift in Sources */ = {isa = PBXBuildFile; fileRef = 978C92AC2E781F58008BC376 /* TaskListPresenterTests.swift */; };
		978C92B42E7827BD008BC376 /* TodosLoaderTests.swift in Sources */ = {isa = PBXBuildFile; fileRef = 978C92B32E7827BD008BC376 /* TodosLoaderTests.swift */; };
/* End PBXBuildFile section */

/* Begin PBXContainerItemProxy section */
		978C92AE2E781F58008BC376 /* PBXContainerItemProxy */ = {
			isa = PBXContainerItemProxy;
			containerPortal = 977383D12E706F640033E64A /* Project object */;
			proxyType = 1;
			remoteGlobalIDString = 977383D82E706F640033E64A;
			remoteInfo = ToDoList;
		};
/* End PBXContainerItemProxy section */

/* Begin PBXFileReference section */
		971241FF2E70758D0091EDED /* TaskListCell.swift */ = {isa = PBXFileReference; lastKnownFileType = sourcecode.swift; path = TaskListCell.swift; sourceTree = "<group>"; };
		971242052E70B0710091EDED /* TodosFactory.swift */ = {isa = PBXFileReference; lastKnownFileType = sourcecode.swift; path = TodosFactory.swift; sourceTree = "<group>"; };
		971242082E7167FA0091EDED /* SingleTaskViewController.swift */ = {isa = PBXFileReference; lastKnownFileType = sourcecode.swift; path = SingleTaskViewController.swift; sourceTree = "<group>"; };
		9746D5402E734A6F000BFCC3 /* NetworkClient.swift */ = {isa = PBXFileReference; lastKnownFileType = sourcecode.swift; path = NetworkClient.swift; sourceTree = "<group>"; };
		9746D5422E734A7D000BFCC3 /* TodosLoader.swift */ = {isa = PBXFileReference; lastKnownFileType = sourcecode.swift; path = TodosLoader.swift; sourceTree = "<group>"; };
		9746D5452E7358ED000BFCC3 /* SingleTask.swift */ = {isa = PBXFileReference; lastKnownFileType = sourcecode.swift; path = SingleTask.swift; sourceTree = "<group>"; };
		9746D5472E75D4A6000BFCC3 /* CoreDataManager.swift */ = {isa = PBXFileReference; lastKnownFileType = sourcecode.swift; path = CoreDataManager.swift; sourceTree = "<group>"; };
		9746D54A2E75D645000BFCC3 /* UserDateFormatter.swift */ = {isa = PBXFileReference; lastKnownFileType = sourcecode.swift; path = UserDateFormatter.swift; sourceTree = "<group>"; };
		977383D92E706F640033E64A /* ToDoList.app */ = {isa = PBXFileReference; explicitFileType = wrapper.application; includeInIndex = 0; path = ToDoList.app; sourceTree = BUILT_PRODUCTS_DIR; };
		977383DC2E706F650033E64A /* AppDelegate.swift */ = {isa = PBXFileReference; lastKnownFileType = sourcecode.swift; path = AppDelegate.swift; sourceTree = "<group>"; };
		977383DE2E706F650033E64A /* SceneDelegate.swift */ = {isa = PBXFileReference; lastKnownFileType = sourcecode.swift; path = SceneDelegate.swift; sourceTree = "<group>"; };
		977383E02E706F650033E64A /* TaskListViewController.swift */ = {isa = PBXFileReference; lastKnownFileType = sourcecode.swift; path = TaskListViewController.swift; sourceTree = "<group>"; };
		977383E32E706F650033E64A /* Base */ = {isa = PBXFileReference; lastKnownFileType = file.storyboard; name = Base; path = Base.lproj/Main.storyboard; sourceTree = "<group>"; };
		977383E62E706F650033E64A /* ToDoList.xcdatamodel */ = {isa = PBXFileReference; lastKnownFileType = wrapper.xcdatamodel; path = ToDoList.xcdatamodel; sourceTree = "<group>"; };
		977383E82E706F690033E64A /* Assets.xcassets */ = {isa = PBXFileReference; lastKnownFileType = folder.assetcatalog; path = Assets.xcassets; sourceTree = "<group>"; };
		977383EB2E706F690033E64A /* Base */ = {isa = PBXFileReference; lastKnownFileType = file.storyboard; name = Base; path = Base.lproj/LaunchScreen.storyboard; sourceTree = "<group>"; };
		977383ED2E706F690033E64A /* Info.plist */ = {isa = PBXFileReference; lastKnownFileType = text.plist.xml; path = Info.plist; sourceTree = "<group>"; };
		978C92962E76F94C008BC376 /* TaskListViewController+UISearchBarDelegate.swift */ = {isa = PBXFileReference; lastKnownFileType = sourcecode.swift; path = "TaskListViewController+UISearchBarDelegate.swift"; sourceTree = "<group>"; };
		978C92982E76FA0B008BC376 /* TaskListViewController+UITableViewDataSource.swift */ = {isa = PBXFileReference; lastKnownFileType = sourcecode.swift; path = "TaskListViewController+UITableViewDataSource.swift"; sourceTree = "<group>"; };
		978C929A2E76FAC9008BC376 /* TaskListViewController+UITableViewDelegate.swift */ = {isa = PBXFileReference; lastKnownFileType = sourcecode.swift; path = "TaskListViewController+UITableViewDelegate.swift"; sourceTree = "<group>"; };
		978C929C2E76FCAE008BC376 /* TaskListPresenter.swift */ = {isa = PBXFileReference; lastKnownFileType = sourcecode.swift; path = TaskListPresenter.swift; sourceTree = "<group>"; };
		978C929E2E76FD1F008BC376 /* TaskListRouter.swift */ = {isa = PBXFileReference; lastKnownFileType = sourcecode.swift; path = TaskListRouter.swift; sourceTree = "<group>"; };
		978C92A02E772711008BC376 /* SingleTaskPresenter.swift */ = {isa = PBXFileReference; lastKnownFileType = sourcecode.swift; path = SingleTaskPresenter.swift; sourceTree = "<group>"; };
		978C92A22E77271E008BC376 /* SingleTaskRouter.swift */ = {isa = PBXFileReference; lastKnownFileType = sourcecode.swift; path = SingleTaskRouter.swift; sourceTree = "<group>"; };
		978C92A42E772FD4008BC376 /* SingleTaskBuilder.swift */ = {isa = PBXFileReference; lastKnownFileType = sourcecode.swift; path = SingleTaskBuilder.swift; sourceTree = "<group>"; };
		978C92AA2E781F58008BC376 /* ToDoListTests.xctest */ = {isa = PBXFileReference; explicitFileType = wrapper.cfbundle; includeInIndex = 0; path = ToDoListTests.xctest; sourceTree = BUILT_PRODUCTS_DIR; };
		978C92AC2E781F58008BC376 /* TaskListPresenterTests.swift */ = {isa = PBXFileReference; lastKnownFileType = sourcecode.swift; path = TaskListPresenterTests.swift; sourceTree = "<group>"; };
		978C92B32E7827BD008BC376 /* TodosLoaderTests.swift */ = {isa = PBXFileReference; lastKnownFileType = sourcecode.swift; path = TodosLoaderTests.swift; sourceTree = "<group>"; };
/* End PBXFileReference section */

/* Begin PBXFrameworksBuildPhase section */
		977383D62E706F640033E64A /* Frameworks */ = {
			isa = PBXFrameworksBuildPhase;
			buildActionMask = 2147483647;
			files = (
			);
			runOnlyForDeploymentPostprocessing = 0;
		};
		978C92A72E781F58008BC376 /* Frameworks */ = {
			isa = PBXFrameworksBuildPhase;
			buildActionMask = 2147483647;
			files = (
			);
			runOnlyForDeploymentPostprocessing = 0;
		};
/* End PBXFrameworksBuildPhase section */

/* Begin PBXGroup section */
		971241FC2E7073020091EDED /* TaskList */ = {
			isa = PBXGroup;
			children = (
				977383E02E706F650033E64A /* TaskListViewController.swift */,
				971241FF2E70758D0091EDED /* TaskListCell.swift */,
				978C92962E76F94C008BC376 /* TaskListViewController+UISearchBarDelegate.swift */,
				978C92982E76FA0B008BC376 /* TaskListViewController+UITableViewDataSource.swift */,
				978C929A2E76FAC9008BC376 /* TaskListViewController+UITableViewDelegate.swift */,
				978C929C2E76FCAE008BC376 /* TaskListPresenter.swift */,
				978C929E2E76FD1F008BC376 /* TaskListRouter.swift */,
			);
			path = TaskList;
			sourceTree = "<group>";
		};
		971242042E70B0590091EDED /* Services */ = {
			isa = PBXGroup;
			children = (
				971242052E70B0710091EDED /* TodosFactory.swift */,
				9746D5402E734A6F000BFCC3 /* NetworkClient.swift */,
				9746D5422E734A7D000BFCC3 /* TodosLoader.swift */,
				9746D5472E75D4A6000BFCC3 /* CoreDataManager.swift */,
			);
			path = Services;
			sourceTree = "<group>";
		};
		971242072E7167D70091EDED /* SingleTask */ = {
			isa = PBXGroup;
			children = (
				971242082E7167FA0091EDED /* SingleTaskViewController.swift */,
				978C92A02E772711008BC376 /* SingleTaskPresenter.swift */,
				978C92A22E77271E008BC376 /* SingleTaskRouter.swift */,
				978C92A42E772FD4008BC376 /* SingleTaskBuilder.swift */,
			);
			path = SingleTask;
			sourceTree = "<group>";
		};
		9746D5442E7358D2000BFCC3 /* Models */ = {
			isa = PBXGroup;
			children = (
				9746D5452E7358ED000BFCC3 /* SingleTask.swift */,
			);
			path = Models;
			sourceTree = "<group>";
		};
		9746D5492E75D627000BFCC3 /* Helpers */ = {
			isa = PBXGroup;
			children = (
				9746D54A2E75D645000BFCC3 /* UserDateFormatter.swift */,
			);
			path = Helpers;
			sourceTree = "<group>";
		};
		977383D02E706F640033E64A = {
			isa = PBXGroup;
			children = (
				977383DB2E706F640033E64A /* ToDoList */,
				978C92AB2E781F58008BC376 /* ToDoListTests */,
				977383DA2E706F640033E64A /* Products */,
			);
			sourceTree = "<group>";
		};
		977383DA2E706F640033E64A /* Products */ = {
			isa = PBXGroup;
			children = (
				977383D92E706F640033E64A /* ToDoList.app */,
				978C92AA2E781F58008BC376 /* ToDoListTests.xctest */,
			);
			name = Products;
			sourceTree = "<group>";
		};
		977383DB2E706F640033E64A /* ToDoList */ = {
			isa = PBXGroup;
			children = (
				9746D5492E75D627000BFCC3 /* Helpers */,
				9746D5442E7358D2000BFCC3 /* Models */,
				971242072E7167D70091EDED /* SingleTask */,
				971242042E70B0590091EDED /* Services */,
				971241FC2E7073020091EDED /* TaskList */,
				977383DC2E706F650033E64A /* AppDelegate.swift */,
				977383DE2E706F650033E64A /* SceneDelegate.swift */,
				977383E22E706F650033E64A /* Main.storyboard */,
				977383E82E706F690033E64A /* Assets.xcassets */,
				977383EA2E706F690033E64A /* LaunchScreen.storyboard */,
				977383ED2E706F690033E64A /* Info.plist */,
				977383E52E706F650033E64A /* ToDoList.xcdatamodeld */,
			);
			path = ToDoList;
			sourceTree = "<group>";
		};
		978C92AB2E781F58008BC376 /* ToDoListTests */ = {
			isa = PBXGroup;
			children = (
				978C92AC2E781F58008BC376 /* TaskListPresenterTests.swift */,
				978C92B32E7827BD008BC376 /* TodosLoaderTests.swift */,
			);
			path = ToDoListTests;
			sourceTree = "<group>";
		};
/* End PBXGroup section */

/* Begin PBXNativeTarget section */
		977383D82E706F640033E64A /* ToDoList */ = {
			isa = PBXNativeTarget;
			buildConfigurationList = 977383F02E706F6A0033E64A /* Build configuration list for PBXNativeTarget "ToDoList" */;
			buildPhases = (
				977383D52E706F640033E64A /* Sources */,
				977383D62E706F640033E64A /* Frameworks */,
				977383D72E706F640033E64A /* Resources */,
			);
			buildRules = (
			);
			dependencies = (
			);
			name = ToDoList;
			productName = ToDoList;
			productReference = 977383D92E706F640033E64A /* ToDoList.app */;
			productType = "com.apple.product-type.application";
		};
		978C92A92E781F58008BC376 /* ToDoListTests */ = {
			isa = PBXNativeTarget;
			buildConfigurationList = 978C92B02E781F58008BC376 /* Build configuration list for PBXNativeTarget "ToDoListTests" */;
			buildPhases = (
				978C92A62E781F58008BC376 /* Sources */,
				978C92A72E781F58008BC376 /* Frameworks */,
				978C92A82E781F58008BC376 /* Resources */,
			);
			buildRules = (
			);
			dependencies = (
				978C92AF2E781F58008BC376 /* PBXTargetDependency */,
			);
			name = ToDoListTests;
			productName = ToDoListTests;
			productReference = 978C92AA2E781F58008BC376 /* ToDoListTests.xctest */;
			productType = "com.apple.product-type.bundle.unit-test";
		};
/* End PBXNativeTarget section */

/* Begin PBXProject section */
		977383D12E706F640033E64A /* Project object */ = {
			isa = PBXProject;
			attributes = {
				BuildIndependentTargetsInParallel = 1;
				LastSwiftUpdateCheck = 1520;
				LastUpgradeCheck = 1520;
				TargetAttributes = {
					977383D82E706F640033E64A = {
						CreatedOnToolsVersion = 15.2;
					};
					978C92A92E781F58008BC376 = {
						CreatedOnToolsVersion = 15.2;
						TestTargetID = 977383D82E706F640033E64A;
					};
				};
			};
			buildConfigurationList = 977383D42E706F640033E64A /* Build configuration list for PBXProject "ToDoList" */;
			compatibilityVersion = "Xcode 14.0";
			developmentRegion = en;
			hasScannedForEncodings = 0;
			knownRegions = (
				en,
				Base,
			);
			mainGroup = 977383D02E706F640033E64A;
			productRefGroup = 977383DA2E706F640033E64A /* Products */;
			projectDirPath = "";
			projectRoot = "";
			targets = (
				977383D82E706F640033E64A /* ToDoList */,
				978C92A92E781F58008BC376 /* ToDoListTests */,
			);
		};
/* End PBXProject section */

/* Begin PBXResourcesBuildPhase section */
		977383D72E706F640033E64A /* Resources */ = {
			isa = PBXResourcesBuildPhase;
			buildActionMask = 2147483647;
			files = (
				977383EC2E706F690033E64A /* LaunchScreen.storyboard in Resources */,
				977383E92E706F690033E64A /* Assets.xcassets in Resources */,
				977383E42E706F650033E64A /* Main.storyboard in Resources */,
			);
			runOnlyForDeploymentPostprocessing = 0;
		};
		978C92A82E781F58008BC376 /* Resources */ = {
			isa = PBXResourcesBuildPhase;
			buildActionMask = 2147483647;
			files = (
			);
			runOnlyForDeploymentPostprocessing = 0;
		};
/* End PBXResourcesBuildPhase section */

/* Begin PBXSourcesBuildPhase section */
		977383D52E706F640033E64A /* Sources */ = {
			isa = PBXSourcesBuildPhase;
			buildActionMask = 2147483647;
			files = (
				977383E12E706F650033E64A /* TaskListViewController.swift in Sources */,
				9746D5432E734A7D000BFCC3 /* TodosLoader.swift in Sources */,
				978C92992E76FA0B008BC376 /* TaskListViewController+UITableViewDataSource.swift in Sources */,
				978C92A12E772711008BC376 /* SingleTaskPresenter.swift in Sources */,
				978C929B2E76FAC9008BC376 /* TaskListViewController+UITableViewDelegate.swift in Sources */,
				971242002E70758D0091EDED /* TaskListCell.swift in Sources */,
				978C92A52E772FD4008BC376 /* SingleTaskBuilder.swift in Sources */,
				977383DD2E706F650033E64A /* AppDelegate.swift in Sources */,
				977383DF2E706F650033E64A /* SceneDelegate.swift in Sources */,
				971242092E7167FA0091EDED /* SingleTaskViewController.swift in Sources */,
				971242062E70B0710091EDED /* TodosFactory.swift in Sources */,
				978C929D2E76FCAE008BC376 /* TaskListPresenter.swift in Sources */,
				9746D54B2E75D645000BFCC3 /* UserDateFormatter.swift in Sources */,
				978C929F2E76FD1F008BC376 /* TaskListRouter.swift in Sources */,
				977383E72E706F650033E64A /* ToDoList.xcdatamodeld in Sources */,
				9746D5462E7358ED000BFCC3 /* SingleTask.swift in Sources */,
				9746D5412E734A6F000BFCC3 /* NetworkClient.swift in Sources */,
				978C92A32E77271E008BC376 /* SingleTaskRouter.swift in Sources */,
				9746D5482E75D4A6000BFCC3 /* CoreDataManager.swift in Sources */,
				978C92972E76F94C008BC376 /* TaskListViewController+UISearchBarDelegate.swift in Sources */,
			);
			runOnlyForDeploymentPostprocessing = 0;
		};
		978C92A62E781F58008BC376 /* Sources */ = {
			isa = PBXSourcesBuildPhase;
			buildActionMask = 2147483647;
			files = (
				978C92B42E7827BD008BC376 /* TodosLoaderTests.swift in Sources */,
				978C92AD2E781F58008BC376 /* TaskListPresenterTests.swift in Sources */,
			);
			runOnlyForDeploymentPostprocessing = 0;
		};
/* End PBXSourcesBuildPhase section */

/* Begin PBXTargetDependency section */
		978C92AF2E781F58008BC376 /* PBXTargetDependency */ = {
			isa = PBXTargetDependency;
			target = 977383D82E706F640033E64A /* ToDoList */;
			targetProxy = 978C92AE2E781F58008BC376 /* PBXContainerItemProxy */;
		};
/* End PBXTargetDependency section */

/* Begin PBXVariantGroup section */
		977383E22E706F650033E64A /* Main.storyboard */ = {
			isa = PBXVariantGroup;
			children = (
				977383E32E706F650033E64A /* Base */,
			);
			name = Main.storyboard;
			sourceTree = "<group>";
		};
		977383EA2E706F690033E64A /* LaunchScreen.storyboard */ = {
			isa = PBXVariantGroup;
			children = (
				977383EB2E706F690033E64A /* Base */,
			);
			name = LaunchScreen.storyboard;
			sourceTree = "<group>";
		};
/* End PBXVariantGroup section */

/* Begin XCBuildConfiguration section */
		977383EE2E706F690033E64A /* Debug */ = {
			isa = XCBuildConfiguration;
			buildSettings = {
				ALWAYS_SEARCH_USER_PATHS = NO;
				ASSETCATALOG_COMPILER_GENERATE_SWIFT_ASSET_SYMBOL_EXTENSIONS = YES;
				CLANG_ANALYZER_NONNULL = YES;
				CLANG_ANALYZER_NUMBER_OBJECT_CONVERSION = YES_AGGRESSIVE;
				CLANG_CXX_LANGUAGE_STANDARD = "gnu++20";
				CLANG_ENABLE_MODULES = YES;
				CLANG_ENABLE_OBJC_ARC = YES;
				CLANG_ENABLE_OBJC_WEAK = YES;
				CLANG_WARN_BLOCK_CAPTURE_AUTORELEASING = YES;
				CLANG_WARN_BOOL_CONVERSION = YES;
				CLANG_WARN_COMMA = YES;
				CLANG_WARN_CONSTANT_CONVERSION = YES;
				CLANG_WARN_DEPRECATED_OBJC_IMPLEMENTATIONS = YES;
				CLANG_WARN_DIRECT_OBJC_ISA_USAGE = YES_ERROR;
				CLANG_WARN_DOCUMENTATION_COMMENTS = YES;
				CLANG_WARN_EMPTY_BODY = YES;
				CLANG_WARN_ENUM_CONVERSION = YES;
				CLANG_WARN_INFINITE_RECURSION = YES;
				CLANG_WARN_INT_CONVERSION = YES;
				CLANG_WARN_NON_LITERAL_NULL_CONVERSION = YES;
				CLANG_WARN_OBJC_IMPLICIT_RETAIN_SELF = YES;
				CLANG_WARN_OBJC_LITERAL_CONVERSION = YES;
				CLANG_WARN_OBJC_ROOT_CLASS = YES_ERROR;
				CLANG_WARN_QUOTED_INCLUDE_IN_FRAMEWORK_HEADER = YES;
				CLANG_WARN_RANGE_LOOP_ANALYSIS = YES;
				CLANG_WARN_STRICT_PROTOTYPES = YES;
				CLANG_WARN_SUSPICIOUS_MOVE = YES;
				CLANG_WARN_UNGUARDED_AVAILABILITY = YES_AGGRESSIVE;
				CLANG_WARN_UNREACHABLE_CODE = YES;
				CLANG_WARN__DUPLICATE_METHOD_MATCH = YES;
				COPY_PHASE_STRIP = NO;
				DEBUG_INFORMATION_FORMAT = dwarf;
				ENABLE_STRICT_OBJC_MSGSEND = YES;
				ENABLE_TESTABILITY = YES;
				ENABLE_USER_SCRIPT_SANDBOXING = YES;
				GCC_C_LANGUAGE_STANDARD = gnu17;
				GCC_DYNAMIC_NO_PIC = NO;
				GCC_NO_COMMON_BLOCKS = YES;
				GCC_OPTIMIZATION_LEVEL = 0;
				GCC_PREPROCESSOR_DEFINITIONS = (
					"DEBUG=1",
					"$(inherited)",
				);
				GCC_WARN_64_TO_32_BIT_CONVERSION = YES;
				GCC_WARN_ABOUT_RETURN_TYPE = YES_ERROR;
				GCC_WARN_UNDECLARED_SELECTOR = YES;
				GCC_WARN_UNINITIALIZED_AUTOS = YES_AGGRESSIVE;
				GCC_WARN_UNUSED_FUNCTION = YES;
				GCC_WARN_UNUSED_VARIABLE = YES;
				IPHONEOS_DEPLOYMENT_TARGET = 17.2;
				LOCALIZATION_PREFERS_STRING_CATALOGS = YES;
				MTL_ENABLE_DEBUG_INFO = INCLUDE_SOURCE;
				MTL_FAST_MATH = YES;
				ONLY_ACTIVE_ARCH = YES;
				SDKROOT = iphoneos;
				SWIFT_ACTIVE_COMPILATION_CONDITIONS = "DEBUG $(inherited)";
				SWIFT_OPTIMIZATION_LEVEL = "-Onone";
			};
			name = Debug;
		};
		977383EF2E706F690033E64A /* Release */ = {
			isa = XCBuildConfiguration;
			buildSettings = {
				ALWAYS_SEARCH_USER_PATHS = NO;
				ASSETCATALOG_COMPILER_GENERATE_SWIFT_ASSET_SYMBOL_EXTENSIONS = YES;
				CLANG_ANALYZER_NONNULL = YES;
				CLANG_ANALYZER_NUMBER_OBJECT_CONVERSION = YES_AGGRESSIVE;
				CLANG_CXX_LANGUAGE_STANDARD = "gnu++20";
				CLANG_ENABLE_MODULES = YES;
				CLANG_ENABLE_OBJC_ARC = YES;
				CLANG_ENABLE_OBJC_WEAK = YES;
				CLANG_WARN_BLOCK_CAPTURE_AUTORELEASING = YES;
				CLANG_WARN_BOOL_CONVERSION = YES;
				CLANG_WARN_COMMA = YES;
				CLANG_WARN_CONSTANT_CONVERSION = YES;
				CLANG_WARN_DEPRECATED_OBJC_IMPLEMENTATIONS = YES;
				CLANG_WARN_DIRECT_OBJC_ISA_USAGE = YES_ERROR;
				CLANG_WARN_DOCUMENTATION_COMMENTS = YES;
				CLANG_WARN_EMPTY_BODY = YES;
				CLANG_WARN_ENUM_CONVERSION = YES;
				CLANG_WARN_INFINITE_RECURSION = YES;
				CLANG_WARN_INT_CONVERSION = YES;
				CLANG_WARN_NON_LITERAL_NULL_CONVERSION = YES;
				CLANG_WARN_OBJC_IMPLICIT_RETAIN_SELF = YES;
				CLANG_WARN_OBJC_LITERAL_CONVERSION = YES;
				CLANG_WARN_OBJC_ROOT_CLASS = YES_ERROR;
				CLANG_WARN_QUOTED_INCLUDE_IN_FRAMEWORK_HEADER = YES;
				CLANG_WARN_RANGE_LOOP_ANALYSIS = YES;
				CLANG_WARN_STRICT_PROTOTYPES = YES;
				CLANG_WARN_SUSPICIOUS_MOVE = YES;
				CLANG_WARN_UNGUARDED_AVAILABILITY = YES_AGGRESSIVE;
				CLANG_WARN_UNREACHABLE_CODE = YES;
				CLANG_WARN__DUPLICATE_METHOD_MATCH = YES;
				COPY_PHASE_STRIP = NO;
				DEBUG_INFORMATION_FORMAT = "dwarf-with-dsym";
				ENABLE_NS_ASSERTIONS = NO;
				ENABLE_STRICT_OBJC_MSGSEND = YES;
				ENABLE_USER_SCRIPT_SANDBOXING = YES;
				GCC_C_LANGUAGE_STANDARD = gnu17;
				GCC_NO_COMMON_BLOCKS = YES;
				GCC_WARN_64_TO_32_BIT_CONVERSION = YES;
				GCC_WARN_ABOUT_RETURN_TYPE = YES_ERROR;
				GCC_WARN_UNDECLARED_SELECTOR = YES;
				GCC_WARN_UNINITIALIZED_AUTOS = YES_AGGRESSIVE;
				GCC_WARN_UNUSED_FUNCTION = YES;
				GCC_WARN_UNUSED_VARIABLE = YES;
				IPHONEOS_DEPLOYMENT_TARGET = 17.2;
				LOCALIZATION_PREFERS_STRING_CATALOGS = YES;
				MTL_ENABLE_DEBUG_INFO = NO;
				MTL_FAST_MATH = YES;
				SDKROOT = iphoneos;
				SWIFT_COMPILATION_MODE = wholemodule;
				VALIDATE_PRODUCT = YES;
			};
			name = Release;
		};
		977383F12E706F6A0033E64A /* Debug */ = {
			isa = XCBuildConfiguration;
			buildSettings = {
				ASSETCATALOG_COMPILER_APPICON_NAME = AppIcon;
				ASSETCATALOG_COMPILER_GLOBAL_ACCENT_COLOR_NAME = AccentColor;
				CODE_SIGN_STYLE = Automatic;
				CURRENT_PROJECT_VERSION = 1;
				DEVELOPMENT_TEAM = T3RWBS3YY4;
				GENERATE_INFOPLIST_FILE = YES;
				INFOPLIST_FILE = ToDoList/Info.plist;
				INFOPLIST_KEY_UIApplicationSupportsIndirectInputEvents = YES;
				INFOPLIST_KEY_UILaunchStoryboardName = LaunchScreen;
				INFOPLIST_KEY_UIMainStoryboardFile = Main;
				INFOPLIST_KEY_UISupportedInterfaceOrientations = UIInterfaceOrientationPortrait;
				IPHONEOS_DEPLOYMENT_TARGET = 15.0;
				LD_RUNPATH_SEARCH_PATHS = (
					"$(inherited)",
					"@executable_path/Frameworks",
				);
				MARKETING_VERSION = 1.0;
				PRODUCT_BUNDLE_IDENTIFIER = ru.alekseiypetrov.ToDoList;
				PRODUCT_NAME = "$(TARGET_NAME)";
				SUPPORTED_PLATFORMS = "iphoneos iphonesimulator";
				SUPPORTS_MACCATALYST = NO;
				SUPPORTS_MAC_DESIGNED_FOR_IPHONE_IPAD = NO;
				SUPPORTS_XR_DESIGNED_FOR_IPHONE_IPAD = NO;
				SWIFT_EMIT_LOC_STRINGS = YES;
				SWIFT_VERSION = 5.0;
				TARGETED_DEVICE_FAMILY = 1;
			};
			name = Debug;
		};
		977383F22E706F6A0033E64A /* Release */ = {
			isa = XCBuildConfiguration;
			buildSettings = {
				ASSETCATALOG_COMPILER_APPICON_NAME = AppIcon;
				ASSETCATALOG_COMPILER_GLOBAL_ACCENT_COLOR_NAME = AccentColor;
				CODE_SIGN_STYLE = Automatic;
				CURRENT_PROJECT_VERSION = 1;
				DEVELOPMENT_TEAM = T3RWBS3YY4;
				GENERATE_INFOPLIST_FILE = YES;
				INFOPLIST_FILE = ToDoList/Info.plist;
				INFOPLIST_KEY_UIApplicationSupportsIndirectInputEvents = YES;
				INFOPLIST_KEY_UILaunchStoryboardName = LaunchScreen;
				INFOPLIST_KEY_UIMainStoryboardFile = Main;
				INFOPLIST_KEY_UISupportedInterfaceOrientations = UIInterfaceOrientationPortrait;
				IPHONEOS_DEPLOYMENT_TARGET = 15.0;
				LD_RUNPATH_SEARCH_PATHS = (
					"$(inherited)",
					"@executable_path/Frameworks",
				);
				MARKETING_VERSION = 1.0;
				PRODUCT_BUNDLE_IDENTIFIER = ru.alekseiypetrov.ToDoList;
				PRODUCT_NAME = "$(TARGET_NAME)";
				SUPPORTED_PLATFORMS = "iphoneos iphonesimulator";
				SUPPORTS_MACCATALYST = NO;
				SUPPORTS_MAC_DESIGNED_FOR_IPHONE_IPAD = NO;
				SUPPORTS_XR_DESIGNED_FOR_IPHONE_IPAD = NO;
				SWIFT_EMIT_LOC_STRINGS = YES;
				SWIFT_VERSION = 5.0;
				TARGETED_DEVICE_FAMILY = 1;
			};
			name = Release;
		};
		978C92B12E781F58008BC376 /* Debug */ = {
			isa = XCBuildConfiguration;
			buildSettings = {
				BUNDLE_LOADER = "$(TEST_HOST)";
				CODE_SIGN_STYLE = Automatic;
				CURRENT_PROJECT_VERSION = 1;
				DEVELOPMENT_TEAM = T3RWBS3YY4;
				GENERATE_INFOPLIST_FILE = YES;
				MARKETING_VERSION = 1.0;
				PRODUCT_BUNDLE_IDENTIFIER = ru.alekseiypetrov.ToDoListTests;
				PRODUCT_NAME = "$(TARGET_NAME)";
				SWIFT_EMIT_LOC_STRINGS = NO;
				SWIFT_VERSION = 5.0;
				TARGETED_DEVICE_FAMILY = "1,2";
				TEST_HOST = "$(BUILT_PRODUCTS_DIR)/ToDoList.app/$(BUNDLE_EXECUTABLE_FOLDER_PATH)/ToDoList";
			};
			name = Debug;
		};
		978C92B22E781F58008BC376 /* Release */ = {
			isa = XCBuildConfiguration;
			buildSettings = {
				BUNDLE_LOADER = "$(TEST_HOST)";
				CODE_SIGN_STYLE = Automatic;
				CURRENT_PROJECT_VERSION = 1;
				DEVELOPMENT_TEAM = T3RWBS3YY4;
				GENERATE_INFOPLIST_FILE = YES;
				MARKETING_VERSION = 1.0;
				PRODUCT_BUNDLE_IDENTIFIER = ru.alekseiypetrov.ToDoListTests;
				PRODUCT_NAME = "$(TARGET_NAME)";
				SWIFT_EMIT_LOC_STRINGS = NO;
				SWIFT_VERSION = 5.0;
				TARGETED_DEVICE_FAMILY = "1,2";
				TEST_HOST = "$(BUILT_PRODUCTS_DIR)/ToDoList.app/$(BUNDLE_EXECUTABLE_FOLDER_PATH)/ToDoList";
			};
			name = Release;
		};
/* End XCBuildConfiguration section */

/* Begin XCConfigurationList section */
		977383D42E706F640033E64A /* Build configuration list for PBXProject "ToDoList" */ = {
			isa = XCConfigurationList;
			buildConfigurations = (
				977383EE2E706F690033E64A /* Debug */,
				977383EF2E706F690033E64A /* Release */,
			);
			defaultConfigurationIsVisible = 0;
			defaultConfigurationName = Release;
		};
		977383F02E706F6A0033E64A /* Build configuration list for PBXNativeTarget "ToDoList" */ = {
			isa = XCConfigurationList;
			buildConfigurations = (
				977383F12E706F6A0033E64A /* Debug */,
				977383F22E706F6A0033E64A /* Release */,
			);
			defaultConfigurationIsVisible = 0;
			defaultConfigurationName = Release;
		};
		978C92B02E781F58008BC376 /* Build configuration list for PBXNativeTarget "ToDoListTests" */ = {
			isa = XCConfigurationList;
			buildConfigurations = (
				978C92B12E781F58008BC376 /* Debug */,
				978C92B22E781F58008BC376 /* Release */,
			);
			defaultConfigurationIsVisible = 0;
			defaultConfigurationName = Release;
		};
/* End XCConfigurationList section */

/* Begin XCVersionGroup section */
		977383E52E706F650033E64A /* ToDoList.xcdatamodeld */ = {
			isa = XCVersionGroup;
			children = (
				977383E62E706F650033E64A /* ToDoList.xcdatamodel */,
			);
			currentVersion = 977383E62E706F650033E64A /* ToDoList.xcdatamodel */;
			path = ToDoList.xcdatamodeld;
			sourceTree = "<group>";
			versionGroupType = wrapper.xcdatamodel;
		};
/* End XCVersionGroup section */
	};
	rootObject = 977383D12E706F640033E64A /* Project object */;
}
